
Microsoft Visual Studio Solution File, Format Version 12.00
# Visual Studio 15
VisualStudioVersion = 15.0.27428.2005
MinimumVisualStudioVersion = 10.0.40219.1
Project("{8BC9CEB8-8B4A-11D0-8D11-00A0C91BC942}") = "1660765", "1660765\1660765.vcxproj", "{0A7535AB-7529-4C09-B7B2-FB3EFB5AE11C}"
EndProject
Global
	GlobalSection(SolutionConfigurationPlatforms) = preSolution
		Debug|x64 = Debug|x64
		Debug|x86 = Debug|x86
		Release|x64 = Release|x64
		Release|x86 = Release|x86
	EndGlobalSection
	GlobalSection(ProjectConfigurationPlatforms) = postSolution
		{0A7535AB-7529-4C09-B7B2-FB3EFB5AE11C}.Debug|x64.ActiveCfg = Debug|x64
		{0A7535AB-7529-4C09-B7B2-FB3EFB5AE11C}.Debug|x64.Build.0 = Debug|x64
		{0A7535AB-7529-4C09-B7B2-FB3EFB5AE11C}.Debug|x86.ActiveCfg = Debug|Win32
		{0A7535AB-7529-4C09-B7B2-FB3EFB5AE11C}.Debug|x86.Build.0 = Debug|Win32
		{0A7535AB-7529-4C09-B7B2-FB3EFB5AE11C}.Release|x64.ActiveCfg = Release|x64
		{0A7535AB-7529-4C09-B7B2-FB3EFB5AE11C}.Release|x64.Build.0 = Release|x64
		{0A7535AB-7529-4C09-B7B2-FB3EFB5AE11C}.Release|x86.ActiveCfg = Release|Win32
		{0A7535AB-7529-4C09-B7B2-FB3EFB5AE11C}.Release|x86.Build.0 = Release|Win32
	EndGlobalSection
	GlobalSection(SolutionProperties) = preSolution
		HideSolutionNode = FALSE
	EndGlobalSection
	GlobalSection(ExtensibilityGlobals) = postSolution
		SolutionGuid = {176F3B87-4039-4AD4-96EF-6B1CF5FB721B}
	EndGlobalSection
EndGlobal
